// !$*UTF8*$!
{
	archiveVersion = 1;
	classes = {
	};
	objectVersion = 50;
	objects = {

/* Begin PBXBuildFile section */
		FBDED10D21791B5F005B165A /* AppDelegate.swift in Sources */ = {isa = PBXBuildFile; fileRef = FBDED10C21791B5F005B165A /* AppDelegate.swift */; };
		FBDED10F21791B5F005B165A /* WelcomeVC.swift in Sources */ = {isa = PBXBuildFile; fileRef = FBDED10E21791B5F005B165A /* WelcomeVC.swift */; };
		FBDED11221791B5F005B165A /* Main.storyboard in Resources */ = {isa = PBXBuildFile; fileRef = FBDED11021791B5F005B165A /* Main.storyboard */; };
		FBDED11421791B61005B165A /* Assets.xcassets in Resources */ = {isa = PBXBuildFile; fileRef = FBDED11321791B61005B165A /* Assets.xcassets */; };
		FBDED11721791B61005B165A /* LaunchScreen.storyboard in Resources */ = {isa = PBXBuildFile; fileRef = FBDED11521791B61005B165A /* LaunchScreen.storyboard */; };
		FBDED1202179203C005B165A /* BorderButton.swift in Sources */ = {isa = PBXBuildFile; fileRef = FBDED11F2179203C005B165A /* BorderButton.swift */; };
		FBDED124217A7850005B165A /* LeagueVC.swift in Sources */ = {isa = PBXBuildFile; fileRef = FBDED123217A7850005B165A /* LeagueVC.swift */; };
		FBDED126217A7867005B165A /* SkillVC.swift in Sources */ = {isa = PBXBuildFile; fileRef = FBDED125217A7867005B165A /* SkillVC.swift */; };
/* End PBXBuildFile section */

/* Begin PBXFileReference section */
		FBDED10921791B5F005B165A /* app-swoosh.app */ = {isa = PBXFileReference; explicitFileType = wrapper.application; includeInIndex = 0; path = "app-swoosh.app"; sourceTree = BUILT_PRODUCTS_DIR; };
		FBDED10C21791B5F005B165A /* AppDelegate.swift */ = {isa = PBXFileReference; lastKnownFileType = sourcecode.swift; path = AppDelegate.swift; sourceTree = "<group>"; };
		FBDED10E21791B5F005B165A /* WelcomeVC.swift */ = {isa = PBXFileReference; lastKnownFileType = sourcecode.swift; path = WelcomeVC.swift; sourceTree = "<group>"; };
		FBDED11121791B5F005B165A /* Base */ = {isa = PBXFileReference; lastKnownFileType = file.storyboard; name = Base; path = Base.lproj/Main.storyboard; sourceTree = "<group>"; };
		FBDED11321791B61005B165A /* Assets.xcassets */ = {isa = PBXFileReference; lastKnownFileType = folder.assetcatalog; path = Assets.xcassets; sourceTree = "<group>"; };
		FBDED11621791B61005B165A /* Base */ = {isa = PBXFileReference; lastKnownFileType = file.storyboard; name = Base; path = Base.lproj/LaunchScreen.storyboard; sourceTree = "<group>"; };
		FBDED11821791B61005B165A /* Info.plist */ = {isa = PBXFileReference; lastKnownFileType = text.plist.xml; path = Info.plist; sourceTree = "<group>"; };
		FBDED11F2179203C005B165A /* BorderButton.swift */ = {isa = PBXFileReference; lastKnownFileType = sourcecode.swift; path = BorderButton.swift; sourceTree = "<group>"; };
		FBDED123217A7850005B165A /* LeagueVC.swift */ = {isa = PBXFileReference; lastKnownFileType = sourcecode.swift; path = LeagueVC.swift; sourceTree = "<group>"; };
		FBDED125217A7867005B165A /* SkillVC.swift */ = {isa = PBXFileReference; lastKnownFileType = sourcecode.swift; path = SkillVC.swift; sourceTree = "<group>"; };
/* End PBXFileReference section */

/* Begin PBXFrameworksBuildPhase section */
		FBDED10621791B5F005B165A /* Frameworks */ = {
			isa = PBXFrameworksBuildPhase;
			buildActionMask = 2147483647;
			files = (
			);
			runOnlyForDeploymentPostprocessing = 0;
		};
/* End PBXFrameworksBuildPhase section */

/* Begin PBXGroup section */
		FBDED10021791B5F005B165A = {
			isa = PBXGroup;
			children = (
				FBDED10B21791B5F005B165A /* app-swoosh */,
				FBDED10A21791B5F005B165A /* Products */,
			);
			sourceTree = "<group>";
		};
		FBDED10A21791B5F005B165A /* Products */ = {
			isa = PBXGroup;
			children = (
				FBDED10921791B5F005B165A /* app-swoosh.app */,
			);
			name = Products;
			sourceTree = "<group>";
		};
		FBDED10B21791B5F005B165A /* app-swoosh */ = {
			isa = PBXGroup;
			children = (
				FBDED122217A77A8005B165A /* Model */,
				FBDED121217A779B005B165A /* Controller */,
				FBDED11E21792001005B165A /* View */,
				FBDED10C21791B5F005B165A /* AppDelegate.swift */,
				FBDED11021791B5F005B165A /* Main.storyboard */,
				FBDED11321791B61005B165A /* Assets.xcassets */,
				FBDED11521791B61005B165A /* LaunchScreen.storyboard */,
				FBDED11821791B61005B165A /* Info.plist */,
			);
			path = "app-swoosh";
			sourceTree = "<group>";
		};
		FBDED11E21792001005B165A /* View */ = {
			isa = PBXGroup;
			children = (
				FBDED11F2179203C005B165A /* BorderButton.swift */,
			);
			path = View;
			sourceTree = "<group>";
		};
		FBDED121217A779B005B165A /* Controller */ = {
			isa = PBXGroup;
			children = (
				FBDED10E21791B5F005B165A /* WelcomeVC.swift */,
				FBDED123217A7850005B165A /* LeagueVC.swift */,
				FBDED125217A7867005B165A /* SkillVC.swift */,
			);
			path = Controller;
			sourceTree = "<group>";
		};
		FBDED122217A77A8005B165A /* Model */ = {
			isa = PBXGroup;
			children = (
			);
			path = Model;
			sourceTree = "<group>";
		};
/* End PBXGroup section */

/* Begin PBXNativeTarget section */
		FBDED10821791B5F005B165A /* app-swoosh */ = {
			isa = PBXNativeTarget;
			buildConfigurationList = FBDED11B21791B61005B165A /* Build configuration list for PBXNativeTarget "app-swoosh" */;
			buildPhases = (
				FBDED10521791B5F005B165A /* Sources */,
				FBDED10621791B5F005B165A /* Frameworks */,
				FBDED10721791B5F005B165A /* Resources */,
			);
			buildRules = (
			);
			dependencies = (
			);
			name = "app-swoosh";
			productName = "app-swoosh";
			productReference = FBDED10921791B5F005B165A /* app-swoosh.app */;
			productType = "com.apple.product-type.application";
		};
/* End PBXNativeTarget section */

/* Begin PBXProject section */
		FBDED10121791B5F005B165A /* Project object */ = {
			isa = PBXProject;
			attributes = {
				LastSwiftUpdateCheck = 0930;
				LastUpgradeCheck = 0930;
				ORGANIZATIONNAME = "Yairo Fernandez";
				TargetAttributes = {
					FBDED10821791B5F005B165A = {
						CreatedOnToolsVersion = 9.3;
					};
				};
			};
			buildConfigurationList = FBDED10421791B5F005B165A /* Build configuration list for PBXProject "app-swoosh" */;
			compatibilityVersion = "Xcode 9.3";
			developmentRegion = en;
			hasScannedForEncodings = 0;
			knownRegions = (
				en,
				Base,
			);
			mainGroup = FBDED10021791B5F005B165A;
			productRefGroup = FBDED10A21791B5F005B165A /* Products */;
			projectDirPath = "";
			projectRoot = "";
			targets = (
				FBDED10821791B5F005B165A /* app-swoosh */,
			);
		};
/* End PBXProject section */

/* Begin PBXResourcesBuildPhase section */
		FBDED10721791B5F005B165A /* Resources */ = {
			isa = PBXResourcesBuildPhase;
			buildActionMask = 2147483647;
			files = (
				FBDED11721791B61005B165A /* LaunchScreen.storyboard in Resources */,
				FBDED11421791B61005B165A /* Assets.xcassets in Resources */,
				FBDED11221791B5F005B165A /* Main.storyboard in Resources */,
			);
			runOnlyForDeploymentPostprocessing = 0;
		};
/* End PBXResourcesBuildPhase section */

/* Begin PBXSourcesBuildPhase section */
		FBDED10521791B5F005B165A /* Sources */ = {
			isa = PBXSourcesBuildPhase;
			buildActionMask = 2147483647;
			files = (
				FBDED10F21791B5F005B165A /* WelcomeVC.swift in Sources */,
				FBDED124217A7850005B165A /* LeagueVC.swift in Sources */,
				FBDED10D21791B5F005B165A /* AppDelegate.swift in Sources */,
				FBDED126217A7867005B165A /* SkillVC.swift in Sources */,
				FBDED1202179203C005B165A /* BorderButton.swift in Sources */,
			);
			runOnlyForDeploymentPostprocessing = 0;
		};
/* End PBXSourcesBuildPhase section */

/* Begin PBXVariantGroup section */
		FBDED11021791B5F005B165A /* Main.storyboard */ = {
			isa = PBXVariantGroup;
			children = (
				FBDED11121791B5F005B165A /* Base */,
			);
			name = Main.storyboard;
			sourceTree = "<group>";
		};
		FBDED11521791B61005B165A /* LaunchScreen.storyboard */ = {
			isa = PBXVariantGroup;
			children = (
				FBDED11621791B61005B165A /* Base */,
			);
			name = LaunchScreen.storyboard;
			sourceTree = "<group>";
		};
/* End PBXVariantGroup section */

/* Begin XCBuildConfiguration section */
		FBDED11921791B61005B165A /* Debug */ = {
			isa = XCBuildConfiguration;
			buildSettings = {
				ALWAYS_SEARCH_USER_PATHS = NO;
				CLANG_ANALYZER_NONNULL = YES;
				CLANG_ANALYZER_NUMBER_OBJECT_CONVERSION = YES_AGGRESSIVE;
				CLANG_CXX_LANGUAGE_STANDARD = "gnu++14";
				CLANG_CXX_LIBRARY = "libc++";
				CLANG_ENABLE_MODULES = YES;
				CLANG_ENABLE_OBJC_ARC = YES;
				CLANG_ENABLE_OBJC_WEAK = YES;
				CLANG_WARN_BLOCK_CAPTURE_AUTORELEASING = YES;
				CLANG_WARN_BOOL_CONVERSION = YES;
				CLANG_WARN_COMMA = YES;
				CLANG_WARN_CONSTANT_CONVERSION = YES;
				CLANG_WARN_DEPRECATED_OBJC_IMPLEMENTATIONS = YES;
				CLANG_WARN_DIRECT_OBJC_ISA_USAGE = YES_ERROR;
				CLANG_WARN_DOCUMENTATION_COMMENTS = YES;
				CLANG_WARN_EMPTY_BODY = YES;
				CLANG_WARN_ENUM_CONVERSION = YES;
				CLANG_WARN_INFINITE_RECURSION = YES;
				CLANG_WARN_INT_CONVERSION = YES;
				CLANG_WARN_NON_LITERAL_NULL_CONVERSION = YES;
				CLANG_WARN_OBJC_IMPLICIT_RETAIN_SELF = YES;
				CLANG_WARN_OBJC_LITERAL_CONVERSION = YES;
				CLANG_WARN_OBJC_ROOT_CLASS = YES_ERROR;
				CLANG_WARN_RANGE_LOOP_ANALYSIS = YES;
				CLANG_WARN_STRICT_PROTOTYPES = YES;
				CLANG_WARN_SUSPICIOUS_MOVE = YES;
				CLANG_WARN_UNGUARDED_AVAILABILITY = YES_AGGRESSIVE;
				CLANG_WARN_UNREACHABLE_CODE = YES;
				CLANG_WARN__DUPLICATE_METHOD_MATCH = YES;
				CODE_SIGN_IDENTITY = "iPhone Developer";
				COPY_PHASE_STRIP = NO;
				DEBUG_INFORMATION_FORMAT = dwarf;
				ENABLE_STRICT_OBJC_MSGSEND = YES;
				ENABLE_TESTABILITY = YES;
				GCC_C_LANGUAGE_STANDARD = gnu11;
				GCC_DYNAMIC_NO_PIC = NO;
				GCC_NO_COMMON_BLOCKS = YES;
				GCC_OPTIMIZATION_LEVEL = 0;
				GCC_PREPROCESSOR_DEFINITIONS = (
					"DEBUG=1",
					"$(inherited)",
				);
				GCC_WARN_64_TO_32_BIT_CONVERSION = YES;
				GCC_WARN_ABOUT_RETURN_TYPE = YES_ERROR;
				GCC_WARN_UNDECLARED_SELECTOR = YES;
				GCC_WARN_UNINITIALIZED_AUTOS = YES_AGGRESSIVE;
				GCC_WARN_UNUSED_FUNCTION = YES;
				GCC_WARN_UNUSED_VARIABLE = YES;
				IPHONEOS_DEPLOYMENT_TARGET = 11.3;
				MTL_ENABLE_DEBUG_INFO = YES;
				ONLY_ACTIVE_ARCH = YES;
				SDKROOT = iphoneos;
				SWIFT_ACTIVE_COMPILATION_CONDITIONS = DEBUG;
				SWIFT_OPTIMIZATION_LEVEL = "-Onone";
			};
			name = Debug;
		};
		FBDED11A21791B61005B165A /* Release */ = {
			isa = XCBuildConfiguration;
			buildSettings = {
				ALWAYS_SEARCH_USER_PATHS = NO;
				CLANG_ANALYZER_NONNULL = YES;
				CLANG_ANALYZER_NUMBER_OBJECT_CONVERSION = YES_AGGRESSIVE;
				CLANG_CXX_LANGUAGE_STANDARD = "gnu++14";
				CLANG_CXX_LIBRARY = "libc++";
				CLANG_ENABLE_MODULES = YES;
				CLANG_ENABLE_OBJC_ARC = YES;
				CLANG_ENABLE_OBJC_WEAK = YES;
				CLANG_WARN_BLOCK_CAPTURE_AUTORELEASING = YES;
				CLANG_WARN_BOOL_CONVERSION = YES;
				CLANG_WARN_COMMA = YES;
				CLANG_WARN_CONSTANT_CONVERSION = YES;
				CLANG_WARN_DEPRECATED_OBJC_IMPLEMENTATIONS = YES;
				CLANG_WARN_DIRECT_OBJC_ISA_USAGE = YES_ERROR;
				CLANG_WARN_DOCUMENTATION_COMMENTS = YES;
				CLANG_WARN_EMPTY_BODY = YES;
				CLANG_WARN_ENUM_CONVERSION = YES;
				CLANG_WARN_INFINITE_RECURSION = YES;
				CLANG_WARN_INT_CONVERSION = YES;
				CLANG_WARN_NON_LITERAL_NULL_CONVERSION = YES;
				CLANG_WARN_OBJC_IMPLICIT_RETAIN_SELF = YES;
				CLANG_WARN_OBJC_LITERAL_CONVERSION = YES;
				CLANG_WARN_OBJC_ROOT_CLASS = YES_ERROR;
				CLANG_WARN_RANGE_LOOP_ANALYSIS = YES;
				CLANG_WARN_STRICT_PROTOTYPES = YES;
				CLANG_WARN_SUSPICIOUS_MOVE = YES;
				CLANG_WARN_UNGUARDED_AVAILABILITY = YES_AGGRESSIVE;
				CLANG_WARN_UNREACHABLE_CODE = YES;
				CLANG_WARN__DUPLICATE_METHOD_MATCH = YES;
				CODE_SIGN_IDENTITY = "iPhone Developer";
				COPY_PHASE_STRIP = NO;
				DEBUG_INFORMATION_FORMAT = "dwarf-with-dsym";
				ENABLE_NS_ASSERTIONS = NO;
				ENABLE_STRICT_OBJC_MSGSEND = YES;
				GCC_C_LANGUAGE_STANDARD = gnu11;
				GCC_NO_COMMON_BLOCKS = YES;
				GCC_WARN_64_TO_32_BIT_CONVERSION = YES;
				GCC_WARN_ABOUT_RETURN_TYPE = YES_ERROR;
				GCC_WARN_UNDECLARED_SELECTOR = YES;
				GCC_WARN_UNINITIALIZED_AUTOS = YES_AGGRESSIVE;
				GCC_WARN_UNUSED_FUNCTION = YES;
				GCC_WARN_UNUSED_VARIABLE = YES;
				IPHONEOS_DEPLOYMENT_TARGET = 11.3;
				MTL_ENABLE_DEBUG_INFO = NO;
				SDKROOT = iphoneos;
				SWIFT_COMPILATION_MODE = wholemodule;
				SWIFT_OPTIMIZATION_LEVEL = "-O";
				VALIDATE_PRODUCT = YES;
			};
			name = Release;
		};
		FBDED11C21791B61005B165A /* Debug */ = {
			isa = XCBuildConfiguration;
			buildSettings = {
				ASSETCATALOG_COMPILER_APPICON_NAME = AppIcon;
				CODE_SIGN_STYLE = Automatic;
				INFOPLIST_FILE = "app-swoosh/Info.plist";
				LD_RUNPATH_SEARCH_PATHS = (
					"$(inherited)",
					"@executable_path/Frameworks",
				);
				PRODUCT_BUNDLE_IDENTIFIER = "YairologoProductions.app-swoosh";
				PRODUCT_NAME = "$(TARGET_NAME)";
				SWIFT_VERSION = 4.0;
				TARGETED_DEVICE_FAMILY = "1,2";
			};
			name = Debug;
		};
		FBDED11D21791B61005B165A /* Release */ = {
			isa = XCBuildConfiguration;
			buildSettings = {
				ASSETCATALOG_COMPILER_APPICON_NAME = AppIcon;
				CODE_SIGN_STYLE = Automatic;
				INFOPLIST_FILE = "app-swoosh/Info.plist";
				LD_RUNPATH_SEARCH_PATHS = (
					"$(inherited)",
					"@executable_path/Frameworks",
				);
				PRODUCT_BUNDLE_IDENTIFIER = "YairologoProductions.app-swoosh";
				PRODUCT_NAME = "$(TARGET_NAME)";
				SWIFT_VERSION = 4.0;
				TARGETED_DEVICE_FAMILY = "1,2";
			};
			name = Release;
		};
/* End XCBuildConfiguration section */

/* Begin XCConfigurationList section */
		FBDED10421791B5F005B165A /* Build configuration list for PBXProject "app-swoosh" */ = {
			isa = XCConfigurationList;
			buildConfigurations = (
				FBDED11921791B61005B165A /* Debug */,
				FBDED11A21791B61005B165A /* Release */,
			);
			defaultConfigurationIsVisible = 0;
			defaultConfigurationName = Release;
		};
		FBDED11B21791B61005B165A /* Build configuration list for PBXNativeTarget "app-swoosh" */ = {
			isa = XCConfigurationList;
			buildConfigurations = (
				FBDED11C21791B61005B165A /* Debug */,
				FBDED11D21791B61005B165A /* Release */,
			);
			defaultConfigurationIsVisible = 0;
			defaultConfigurationName = Release;
		};
/* End XCConfigurationList section */
	};
	rootObject = FBDED10121791B5F005B165A /* Project object */;
}
